
Microsoft Visual Studio Solution File, Format Version 12.00
# Visual Studio Version 17
VisualStudioVersion = 17.0.31919.166
MinimumVisualStudioVersion = 10.0.40219.1
Project("{FAE04EC0-301F-11D3-BF4B-00C04F79EFBC}") = "Launcher", "Launcher.csproj", "{2B9F6A69-BD42-4892-A947-6640CC19EA03}"
EndProject
Global
	GlobalSection(SolutionConfigurationPlatforms) = preSolution
		Debug|Any CPU = Debug|Any CPU
		Release|Any CPU = Release|Any CPU
	EndGlobalSection
	GlobalSection(ProjectConfigurationPlatforms) = postSolution
		{2B9F6A69-BD42-4892-A947-6640CC19EA03}.Debug|Any CPU.ActiveCfg = Debug|Any CPU
		{2B9F6A69-BD42-4892-A947-6640CC19EA03}.Debug|Any CPU.Build.0 = Debug|Any CPU
		{2B9F6A69-BD42-4892-A947-6640CC19EA03}.Release|Any CPU.ActiveCfg = Release|Any CPU
		{2B9F6A69-BD42-4892-A947-6640CC19EA03}.Release|Any CPU.Build.0 = Release|Any CPU
	EndGlobalSection
	GlobalSection(SolutionProperties) = preSolution
		HideSolutionNode = FALSE
	EndGlobalSection
	GlobalSection(ExtensibilityGlobals) = postSolution
		SolutionGuid = {714898C5-53D4-4E21-9759-86CAEA8BC361}
	EndGlobalSection
EndGlobal
